{
  "requires": true,
  "lockfileVersion": 1,
  "dependencies": {
    "react-fast-compare": {
      "version": "3.2.0",
      "resolved": "https://registry.npmjs.org/react-fast-compare/-/react-fast-compare-3.2.0.tgz",
      "integrity": "sha512-rtGImPZ0YyLrscKI9xTpV8psd6I8VAtjKCzQDlzyDvqJA8XOW78TXYQwNRNd8g8JZnDu8q9Fu/1v4HPAVwVdHA=="
    },
    "react-snowfall": {
      "version": "1.1.1",
      "resolved": "https://registry.npmjs.org/react-snowfall/-/react-snowfall-1.1.1.tgz",
      "integrity": "sha512-SREER5iikqVY8Fu0BpaYllzGHB1iKZacXY76E/rW1n1zKUH5ClqVWG1UZS+3fR6OTg9GkeGG459juSnARVoNGQ==",
      "requires": {
        "react-fast-compare": "^3.2.0"
      }
    }
  }
}
